
Microsoft Visual Studio Solution File, Format Version 11.00
# Visual Studio 2010
Project("{FAE04EC0-301F-11D3-BF4B-00C04F79EFBC}") = "Assembly-CSharp", "Assembly-CSharp.csproj", "{fc9c68b0-3acb-d9e5-df6b-4f9abfac2ae2}"
EndProject
Project("{FAE04EC0-301F-11D3-BF4B-00C04F79EFBC}") = "Assembly-CSharp-Editor", "Assembly-CSharp-Editor.csproj", "{ab356ac1-0a7a-022b-c167-ec1427b26007}"
EndProject
Global
	GlobalSection(SolutionConfigurationPlatforms) = preSolution
		Debug|Any CPU = Debug|Any CPU
	EndGlobalSection
	GlobalSection(ProjectConfigurationPlatforms) = postSolution
		{fc9c68b0-3acb-d9e5-df6b-4f9abfac2ae2}.Debug|Any CPU.ActiveCfg = Debug|Any CPU
		{fc9c68b0-3acb-d9e5-df6b-4f9abfac2ae2}.Debug|Any CPU.Build.0 = Debug|Any CPU
		{ab356ac1-0a7a-022b-c167-ec1427b26007}.Debug|Any CPU.ActiveCfg = Debug|Any CPU
		{ab356ac1-0a7a-022b-c167-ec1427b26007}.Debug|Any CPU.Build.0 = Debug|Any CPU
	EndGlobalSection
	GlobalSection(SolutionProperties) = preSolution
		HideSolutionNode = FALSE
	EndGlobalSection
EndGlobal
